
Microsoft Visual Studio Solution File, Format Version 11.00
# Visual Studio 2010
Project("{FAE04EC0-301F-11D3-BF4B-00C04F79EFBC}") = "ExIDFManagment", "ExIDFManagment\ExIDFManagment.csproj", "{7FA228A9-672C-4FC0-96BE-4452F4CC1FDB}"
EndProject
Project("{FAE04EC0-301F-11D3-BF4B-00C04F79EFBC}") = "ExIDFManagment.Interface", "ExIDFManagment.Interface\ExIDFManagment.Interface.csproj", "{674A2FD0-8276-4A37-8F06-53050BEAFE44}"
EndProject
Project("{FAE04EC0-301F-11D3-BF4B-00C04F79EFBC}") = "ExIDFManagment.Testing", "ExIDFManagment.Testing\ExIDFManagment.Testing.csproj", "{AF3288F3-51B2-455A-A936-BE49A594FE48}"
EndProject
Project("{FAE04EC0-301F-11D3-BF4B-00C04F79EFBC}") = "ExIDFManagment.DataModel", "ExIDFManagment.DataModel\ExIDFManagment.DataModel.csproj", "{CFFDC5FE-260F-481E-B642-E7397481C2D1}"
EndProject
Project("{FAE04EC0-301F-11D3-BF4B-00C04F79EFBC}") = "ShowOnGridControl", "ShowOnGridControl\ShowOnGridControl.csproj", "{CABE5938-416C-4440-995B-35DF08573351}"
EndProject
Project("{FAE04EC0-301F-11D3-BF4B-00C04F79EFBC}") = "ExIDFManagment.StubModel", "ExIDFManagment.StubModel\ExIDFManagment.StubModel.csproj", "{DB31F6AB-34E9-489B-911C-EB087B4BD301}"
EndProject
Project("{2150E333-8FDC-42A3-9474-1A3956D46DE8}") = "Solution Items", "Solution Items", "{14D81174-4F0A-4E16-9556-EB88323352F9}"
	ProjectSection(SolutionItems) = preProject
		CandidateWelcomeMail.txt = CandidateWelcomeMail.txt
	EndProjectSection
EndProject
Project("{FAE04EC0-301F-11D3-BF4B-00C04F79EFBC}") = "ExIDFManagment.Mail", "ExIDFManagment.Mail\ExIDFManagment.Mail.csproj", "{B71669D9-43B4-4AB2-8146-6B99BDB50DEC}"
EndProject
Global
	GlobalSection(SolutionConfigurationPlatforms) = preSolution
		Debug|Any CPU = Debug|Any CPU
		Debug|Mixed Platforms = Debug|Mixed Platforms
		Debug|x86 = Debug|x86
		Release|Any CPU = Release|Any CPU
		Release|Mixed Platforms = Release|Mixed Platforms
		Release|x86 = Release|x86
	EndGlobalSection
	GlobalSection(ProjectConfigurationPlatforms) = postSolution
		{7FA228A9-672C-4FC0-96BE-4452F4CC1FDB}.Debug|Any CPU.ActiveCfg = Debug|x86
		{7FA228A9-672C-4FC0-96BE-4452F4CC1FDB}.Debug|Mixed Platforms.ActiveCfg = Debug|x86
		{7FA228A9-672C-4FC0-96BE-4452F4CC1FDB}.Debug|Mixed Platforms.Build.0 = Debug|x86
		{7FA228A9-672C-4FC0-96BE-4452F4CC1FDB}.Debug|x86.ActiveCfg = Debug|x86
		{7FA228A9-672C-4FC0-96BE-4452F4CC1FDB}.Debug|x86.Build.0 = Debug|x86
		{7FA228A9-672C-4FC0-96BE-4452F4CC1FDB}.Release|Any CPU.ActiveCfg = Release|x86
		{7FA228A9-672C-4FC0-96BE-4452F4CC1FDB}.Release|Mixed Platforms.ActiveCfg = Release|x86
		{7FA228A9-672C-4FC0-96BE-4452F4CC1FDB}.Release|Mixed Platforms.Build.0 = Release|x86
		{7FA228A9-672C-4FC0-96BE-4452F4CC1FDB}.Release|x86.ActiveCfg = Release|x86
		{7FA228A9-672C-4FC0-96BE-4452F4CC1FDB}.Release|x86.Build.0 = Release|x86
		{674A2FD0-8276-4A37-8F06-53050BEAFE44}.Debug|Any CPU.ActiveCfg = Debug|Any CPU
		{674A2FD0-8276-4A37-8F06-53050BEAFE44}.Debug|Any CPU.Build.0 = Debug|Any CPU
		{674A2FD0-8276-4A37-8F06-53050BEAFE44}.Debug|Mixed Platforms.ActiveCfg = Debug|Any CPU
		{674A2FD0-8276-4A37-8F06-53050BEAFE44}.Debug|Mixed Platforms.Build.0 = Debug|Any CPU
		{674A2FD0-8276-4A37-8F06-53050BEAFE44}.Debug|x86.ActiveCfg = Debug|Any CPU
		{674A2FD0-8276-4A37-8F06-53050BEAFE44}.Release|Any CPU.ActiveCfg = Release|Any CPU
		{674A2FD0-8276-4A37-8F06-53050BEAFE44}.Release|Any CPU.Build.0 = Release|Any CPU
		{674A2FD0-8276-4A37-8F06-53050BEAFE44}.Release|Mixed Platforms.ActiveCfg = Release|Any CPU
		{674A2FD0-8276-4A37-8F06-53050BEAFE44}.Release|Mixed Platforms.Build.0 = Release|Any CPU
		{674A2FD0-8276-4A37-8F06-53050BEAFE44}.Release|x86.ActiveCfg = Release|Any CPU
		{AF3288F3-51B2-455A-A936-BE49A594FE48}.Debug|Any CPU.ActiveCfg = Debug|Any CPU
		{AF3288F3-51B2-455A-A936-BE49A594FE48}.Debug|Any CPU.Build.0 = Debug|Any CPU
		{AF3288F3-51B2-455A-A936-BE49A594FE48}.Debug|Mixed Platforms.ActiveCfg = Debug|Any CPU
		{AF3288F3-51B2-455A-A936-BE49A594FE48}.Debug|Mixed Platforms.Build.0 = Debug|Any CPU
		{AF3288F3-51B2-455A-A936-BE49A594FE48}.Debug|x86.ActiveCfg = Debug|Any CPU
		{AF3288F3-51B2-455A-A936-BE49A594FE48}.Release|Any CPU.ActiveCfg = Release|Any CPU
		{AF3288F3-51B2-455A-A936-BE49A594FE48}.Release|Any CPU.Build.0 = Release|Any CPU
		{AF3288F3-51B2-455A-A936-BE49A594FE48}.Release|Mixed Platforms.ActiveCfg = Release|Any CPU
		{AF3288F3-51B2-455A-A936-BE49A594FE48}.Release|Mixed Platforms.Build.0 = Release|Any CPU
		{AF3288F3-51B2-455A-A936-BE49A594FE48}.Release|x86.ActiveCfg = Release|Any CPU
		{CFFDC5FE-260F-481E-B642-E7397481C2D1}.Debug|Any CPU.ActiveCfg = Debug|Any CPU
		{CFFDC5FE-260F-481E-B642-E7397481C2D1}.Debug|Any CPU.Build.0 = Debug|Any CPU
		{CFFDC5FE-260F-481E-B642-E7397481C2D1}.Debug|Mixed Platforms.ActiveCfg = Debug|Any CPU
		{CFFDC5FE-260F-481E-B642-E7397481C2D1}.Debug|Mixed Platforms.Build.0 = Debug|Any CPU
		{CFFDC5FE-260F-481E-B642-E7397481C2D1}.Debug|x86.ActiveCfg = Debug|Any CPU
		{CFFDC5FE-260F-481E-B642-E7397481C2D1}.Release|Any CPU.ActiveCfg = Release|Any CPU
		{CFFDC5FE-260F-481E-B642-E7397481C2D1}.Release|Any CPU.Build.0 = Release|Any CPU
		{CFFDC5FE-260F-481E-B642-E7397481C2D1}.Release|Mixed Platforms.ActiveCfg = Release|Any CPU
		{CFFDC5FE-260F-481E-B642-E7397481C2D1}.Release|Mixed Platforms.Build.0 = Release|Any CPU
		{CFFDC5FE-260F-481E-B642-E7397481C2D1}.Release|x86.ActiveCfg = Release|Any CPU
		{CABE5938-416C-4440-995B-35DF08573351}.Debug|Any CPU.ActiveCfg = Debug|Any CPU
		{CABE5938-416C-4440-995B-35DF08573351}.Debug|Any CPU.Build.0 = Debug|Any CPU
		{CABE5938-416C-4440-995B-35DF08573351}.Debug|Mixed Platforms.ActiveCfg = Debug|Any CPU
		{CABE5938-416C-4440-995B-35DF08573351}.Debug|Mixed Platforms.Build.0 = Debug|Any CPU
		{CABE5938-416C-4440-995B-35DF08573351}.Debug|x86.ActiveCfg = Debug|Any CPU
		{CABE5938-416C-4440-995B-35DF08573351}.Release|Any CPU.ActiveCfg = Release|Any CPU
		{CABE5938-416C-4440-995B-35DF08573351}.Release|Any CPU.Build.0 = Release|Any CPU
		{CABE5938-416C-4440-995B-35DF08573351}.Release|Mixed Platforms.ActiveCfg = Release|Any CPU
		{CABE5938-416C-4440-995B-35DF08573351}.Release|Mixed Platforms.Build.0 = Release|Any CPU
		{CABE5938-416C-4440-995B-35DF08573351}.Release|x86.ActiveCfg = Release|Any CPU
		{DB31F6AB-34E9-489B-911C-EB087B4BD301}.Debug|Any CPU.ActiveCfg = Debug|Any CPU
		{DB31F6AB-34E9-489B-911C-EB087B4BD301}.Debug|Any CPU.Build.0 = Debug|Any CPU
		{DB31F6AB-34E9-489B-911C-EB087B4BD301}.Debug|Mixed Platforms.ActiveCfg = Debug|Any CPU
		{DB31F6AB-34E9-489B-911C-EB087B4BD301}.Debug|Mixed Platforms.Build.0 = Debug|Any CPU
		{DB31F6AB-34E9-489B-911C-EB087B4BD301}.Debug|x86.ActiveCfg = Debug|Any CPU
		{DB31F6AB-34E9-489B-911C-EB087B4BD301}.Release|Any CPU.ActiveCfg = Release|Any CPU
		{DB31F6AB-34E9-489B-911C-EB087B4BD301}.Release|Any CPU.Build.0 = Release|Any CPU
		{DB31F6AB-34E9-489B-911C-EB087B4BD301}.Release|Mixed Platforms.ActiveCfg = Release|Any CPU
		{DB31F6AB-34E9-489B-911C-EB087B4BD301}.Release|Mixed Platforms.Build.0 = Release|Any CPU
		{DB31F6AB-34E9-489B-911C-EB087B4BD301}.Release|x86.ActiveCfg = Release|Any CPU
		{B71669D9-43B4-4AB2-8146-6B99BDB50DEC}.Debug|Any CPU.ActiveCfg = Debug|Any CPU
		{B71669D9-43B4-4AB2-8146-6B99BDB50DEC}.Debug|Any CPU.Build.0 = Debug|Any CPU
		{B71669D9-43B4-4AB2-8146-6B99BDB50DEC}.Debug|Mixed Platforms.ActiveCfg = Debug|Any CPU
		{B71669D9-43B4-4AB2-8146-6B99BDB50DEC}.Debug|Mixed Platforms.Build.0 = Debug|Any CPU
		{B71669D9-43B4-4AB2-8146-6B99BDB50DEC}.Debug|x86.ActiveCfg = Debug|Any CPU
		{B71669D9-43B4-4AB2-8146-6B99BDB50DEC}.Release|Any CPU.ActiveCfg = Release|Any CPU
		{B71669D9-43B4-4AB2-8146-6B99BDB50DEC}.Release|Any CPU.Build.0 = Release|Any CPU
		{B71669D9-43B4-4AB2-8146-6B99BDB50DEC}.Release|Mixed Platforms.ActiveCfg = Release|Any CPU
		{B71669D9-43B4-4AB2-8146-6B99BDB50DEC}.Release|Mixed Platforms.Build.0 = Release|Any CPU
		{B71669D9-43B4-4AB2-8146-6B99BDB50DEC}.Release|x86.ActiveCfg = Release|Any CPU
	EndGlobalSection
	GlobalSection(SolutionProperties) = preSolution
		HideSolutionNode = FALSE
	EndGlobalSection
EndGlobal
